# This file is automatically @generated by Poetry 1.5.4 and should not be changed by hand.

[[package]]
name = "pip"
version = "24.1.2"
description = "The PyPA recommended tool for installing Python packages."
optional = false
python-versions = ">=3.8"
files = [
    {file = "pip-24.1.2-py3-none-any.whl", hash = "sha256:7cd207eed4c60b0f411b444cd1464198fe186671c323b6cd6d433ed80fc9d247"},
    {file = "pip-24.1.2.tar.gz", hash = "sha256:e5458a0b89f2755e0ee8c0c77613fe5273e05f337907874d64f13171a898a7ff"},
]

[metadata]
lock-version = "2.0"
python-versions = "^3.12"
content-hash = "5a7be63e97e0a00de0a429f717e0774ae80df02fdf171ffcb79e53ea66ba4333"
